
Microsoft Visual Studio Solution File, Format Version 12.00
# Visual Studio Version 17
VisualStudioVersion = 17.5.33516.290
MinimumVisualStudioVersion = 10.0.40219.1
Project("{FAE04EC0-301F-11D3-BF4B-00C04F79EFBC}") = "YandexMetrika", "YandexMetrika\YandexMetrika.csproj", "{7873BAA3-A405-4D92-8BE4-A2978718C673}"
EndProject
Global
	GlobalSection(SolutionConfigurationPlatforms) = preSolution
		Debug|Any CPU = Debug|Any CPU
		Release|Any CPU = Release|Any CPU
	EndGlobalSection
	GlobalSection(ProjectConfigurationPlatforms) = postSolution
		{7873BAA3-A405-4D92-8BE4-A2978718C673}.Debug|Any CPU.ActiveCfg = Debug|Any CPU
		{7873BAA3-A405-4D92-8BE4-A2978718C673}.Debug|Any CPU.Build.0 = Debug|Any CPU
		{7873BAA3-A405-4D92-8BE4-A2978718C673}.Release|Any CPU.ActiveCfg = Release|Any CPU
		{7873BAA3-A405-4D92-8BE4-A2978718C673}.Release|Any CPU.Build.0 = Release|Any CPU
	EndGlobalSection
	GlobalSection(SolutionProperties) = preSolution
		HideSolutionNode = FALSE
	EndGlobalSection
	GlobalSection(ExtensibilityGlobals) = postSolution
		SolutionGuid = {35CF4CCD-0B28-494E-A048-D27DF08118C7}
	EndGlobalSection
EndGlobal
